// !$*UTF8*$!
{
	archiveVersion = 1;
	classes = {
	};
	objectVersion = 77;
	objects = {

/* Begin PBXBuildFile section */
		A3D78DAD2FAC03140010116D /* PointNMapShaderTypes.framework in Frameworks */ = {isa = PBXBuildFile; fileRef = A3D78DA52FAC03140010116D /* PointNMapShaderTypes.framework */; };
		A3D78DAE2FAC03140010116D /* PointNMapShaderTypes.framework in Embed Frameworks */ = {isa = PBXBuildFile; fileRef = A3D78DA52FAC03140010116D /* PointNMapShaderTypes.framework */; settings = {ATTRIBUTES = (CodeSignOnCopy, RemoveHeadersOnCopy, ); }; };
		A3D78DDE2FAC04360010116D /* PointNMapShared.framework in Frameworks */ = {isa = PBXBuildFile; fileRef = A3D78DD62FAC04360010116D /* PointNMapShared.framework */; };
		A3D78DDF2FAC04360010116D /* PointNMapShared.framework in Embed Frameworks */ = {isa = PBXBuildFile; fileRef = A3D78DD62FAC04360010116D /* PointNMapShared.framework */; settings = {ATTRIBUTES = (CodeSignOnCopy, RemoveHeadersOnCopy, ); }; };
		A3D78EF12FAC04810010116D /* PointNMapShaderTypes.framework in Frameworks */ = {isa = PBXBuildFile; fileRef = A3D78DA52FAC03140010116D /* PointNMapShaderTypes.framework */; };
		A3D78EF22FAC04810010116D /* PointNMapShaderTypes.framework in Embed Frameworks */ = {isa = PBXBuildFile; fileRef = A3D78DA52FAC03140010116D /* PointNMapShaderTypes.framework */; settings = {ATTRIBUTES = (CodeSignOnCopy, RemoveHeadersOnCopy, ); }; };
		A3D78EF72FAC04970010116D /* DequeModule in Frameworks */ = {isa = PBXBuildFile; productRef = A3D78EF62FAC04970010116D /* DequeModule */; };
		A3D78EFA2FAC07840010116D /* DequeModule in Frameworks */ = {isa = PBXBuildFile; productRef = A3D78EF92FAC07840010116D /* DequeModule */; };
		A3D78EFC2FAC07840010116D /* OrderedCollections in Frameworks */ = {isa = PBXBuildFile; productRef = A3D78EFB2FAC07840010116D /* OrderedCollections */; };
/* End PBXBuildFile section */

/* Begin PBXContainerItemProxy section */
		A3D78DAB2FAC03140010116D /* PBXContainerItemProxy */ = {
			isa = PBXContainerItemProxy;
			containerPortal = A3D78C232FABF97E0010116D /* Project object */;
			proxyType = 1;
			remoteGlobalIDString = A3D78DA42FAC03140010116D;
			remoteInfo = PointNMapShaderTypes;
		};
		A3D78DDC2FAC04360010116D /* PBXContainerItemProxy */ = {
			isa = PBXContainerItemProxy;
			containerPortal = A3D78C232FABF97E0010116D /* Project object */;
			proxyType = 1;
			remoteGlobalIDString = A3D78DD52FAC04360010116D;
			remoteInfo = PointNMapShared;
		};
		A3D78EF32FAC04810010116D /* PBXContainerItemProxy */ = {
			isa = PBXContainerItemProxy;
			containerPortal = A3D78C232FABF97E0010116D /* Project object */;
			proxyType = 1;
			remoteGlobalIDString = A3D78DA42FAC03140010116D;
			remoteInfo = PointNMapShaderTypes;
		};
/* End PBXContainerItemProxy section */

/* Begin PBXCopyFilesBuildPhase section */
		A3D78C4B2FABFA6F0010116D /* Embed Frameworks */ = {
			isa = PBXCopyFilesBuildPhase;
			buildActionMask = 2147483647;
			dstPath = "";
			dstSubfolderSpec = 10;
			files = (
				A3D78DDF2FAC04360010116D /* PointNMapShared.framework in Embed Frameworks */,
				A3D78DAE2FAC03140010116D /* PointNMapShaderTypes.framework in Embed Frameworks */,
			);
			name = "Embed Frameworks";
			runOnlyForDeploymentPostprocessing = 0;
		};
		A3D78DD02FAC04000010116D /* Embed ExtensionKit Extensions */ = {
			isa = PBXCopyFilesBuildPhase;
			buildActionMask = 2147483647;
			dstPath = "$(EXTENSIONS_FOLDER_PATH)";
			dstSubfolderSpec = 16;
			files = (
			);
			name = "Embed ExtensionKit Extensions";
			runOnlyForDeploymentPostprocessing = 0;
		};
		A3D78EF52FAC04810010116D /* Embed Frameworks */ = {
			isa = PBXCopyFilesBuildPhase;
			buildActionMask = 2147483647;
			dstPath = "";
			dstSubfolderSpec = 10;
			files = (
				A3D78EF22FAC04810010116D /* PointNMapShaderTypes.framework in Embed Frameworks */,
			);
			name = "Embed Frameworks";
			runOnlyForDeploymentPostprocessing = 0;
		};
/* End PBXCopyFilesBuildPhase section */

/* Begin PBXFileReference section */
		A3D78C2B2FABF97E0010116D /* PointNMap.app */ = {isa = PBXFileReference; explicitFileType = wrapper.application; includeInIndex = 0; path = PointNMap.app; sourceTree = BUILT_PRODUCTS_DIR; };
		A3D78DA52FAC03140010116D /* PointNMapShaderTypes.framework */ = {isa = PBXFileReference; explicitFileType = wrapper.framework; includeInIndex = 0; path = PointNMapShaderTypes.framework; sourceTree = BUILT_PRODUCTS_DIR; };
		A3D78DD62FAC04360010116D /* PointNMapShared.framework */ = {isa = PBXFileReference; explicitFileType = wrapper.framework; includeInIndex = 0; path = PointNMapShared.framework; sourceTree = BUILT_PRODUCTS_DIR; };
/* End PBXFileReference section */

/* Begin PBXFileSystemSynchronizedBuildFileExceptionSet section */
		A3D78DAF2FAC03140010116D /* Exceptions for "PointNMapShaderTypes" folder in "PointNMapShaderTypes" target */ = {
			isa = PBXFileSystemSynchronizedBuildFileExceptionSet;
			publicHeaders = (
				PointNMapShaderTypes.h,
				ShaderTypes.h,
			);
			target = A3D78DA42FAC03140010116D /* PointNMapShaderTypes */;
		};
		A3D78EF82FAC05030010116D /* Exceptions for "PointNMapShared" folder in "PointNMapShared" target */ = {
			isa = PBXFileSystemSynchronizedBuildFileExceptionSet;
			publicHeaders = (
				PointNMapShared.h,
			);
			target = A3D78DD52FAC04360010116D /* PointNMapShared */;
		};
/* End PBXFileSystemSynchronizedBuildFileExceptionSet section */

/* Begin PBXFileSystemSynchronizedRootGroup section */
		A3D78C2D2FABF97E0010116D /* PointNMap */ = {
			isa = PBXFileSystemSynchronizedRootGroup;
			path = PointNMap;
			sourceTree = "<group>";
		};
		A3D78DA62FAC03140010116D /* PointNMapShaderTypes */ = {
			isa = PBXFileSystemSynchronizedRootGroup;
			exceptions = (
				A3D78DAF2FAC03140010116D /* Exceptions for "PointNMapShaderTypes" folder in "PointNMapShaderTypes" target */,
			);
			path = PointNMapShaderTypes;
			sourceTree = "<group>";
		};
		A3D78DD72FAC04360010116D /* PointNMapShared */ = {
			isa = PBXFileSystemSynchronizedRootGroup;
			exceptions = (
				A3D78EF82FAC05030010116D /* Exceptions for "PointNMapShared" folder in "PointNMapShared" target */,
			);
			path = PointNMapShared;
			sourceTree = "<group>";
		};
/* End PBXFileSystemSynchronizedRootGroup section */

/* Begin PBXFrameworksBuildPhase section */
		A3D78C282FABF97E0010116D /* Frameworks */ = {
			isa = PBXFrameworksBuildPhase;
			buildActionMask = 2147483647;
			files = (
				A3D78DDE2FAC04360010116D /* PointNMapShared.framework in Frameworks */,
				A3D78DAD2FAC03140010116D /* PointNMapShaderTypes.framework in Frameworks */,
				A3D78EFC2FAC07840010116D /* OrderedCollections in Frameworks */,
				A3D78EFA2FAC07840010116D /* DequeModule in Frameworks */,
			);
			runOnlyForDeploymentPostprocessing = 0;
		};
		A3D78DA22FAC03140010116D /* Frameworks */ = {
			isa = PBXFrameworksBuildPhase;
			buildActionMask = 2147483647;
			files = (
			);
			runOnlyForDeploymentPostprocessing = 0;
		};
		A3D78DD32FAC04360010116D /* Frameworks */ = {
			isa = PBXFrameworksBuildPhase;
			buildActionMask = 2147483647;
			files = (
				A3D78EF12FAC04810010116D /* PointNMapShaderTypes.framework in Frameworks */,
				A3D78EF72FAC04970010116D /* DequeModule in Frameworks */,
			);
			runOnlyForDeploymentPostprocessing = 0;
		};
/* End PBXFrameworksBuildPhase section */

/* Begin PBXGroup section */
		A3D78C222FABF97E0010116D = {
			isa = PBXGroup;
			children = (
				A3D78C2D2FABF97E0010116D /* PointNMap */,
				A3D78DA62FAC03140010116D /* PointNMapShaderTypes */,
				A3D78DD72FAC04360010116D /* PointNMapShared */,
				A3D78D732FABFDC90010116D /* Frameworks */,
				A3D78C2C2FABF97E0010116D /* Products */,
			);
			sourceTree = "<group>";
		};
		A3D78C2C2FABF97E0010116D /* Products */ = {
			isa = PBXGroup;
			children = (
				A3D78C2B2FABF97E0010116D /* PointNMap.app */,
				A3D78DA52FAC03140010116D /* PointNMapShaderTypes.framework */,
				A3D78DD62FAC04360010116D /* PointNMapShared.framework */,
			);
			name = Products;
			sourceTree = "<group>";
		};
		A3D78D732FABFDC90010116D /* Frameworks */ = {
			isa = PBXGroup;
			children = (
			);
			name = Frameworks;
			sourceTree = "<group>";
		};
/* End PBXGroup section */

/* Begin PBXHeadersBuildPhase section */
		A3D78DA02FAC03140010116D /* Headers */ = {
			isa = PBXHeadersBuildPhase;
			buildActionMask = 2147483647;
			files = (
			);
			runOnlyForDeploymentPostprocessing = 0;
		};
		A3D78DD12FAC04360010116D /* Headers */ = {
			isa = PBXHeadersBuildPhase;
			buildActionMask = 2147483647;
			files = (
			);
			runOnlyForDeploymentPostprocessing = 0;
		};
/* End PBXHeadersBuildPhase section */

/* Begin PBXNativeTarget section */
		A3D78C2A2FABF97E0010116D /* PointNMap */ = {
			isa = PBXNativeTarget;
			buildConfigurationList = A3D78C362FABF97F0010116D /* Build configuration list for PBXNativeTarget "PointNMap" */;
			buildPhases = (
				A3D78C272FABF97E0010116D /* Sources */,
				A3D78C282FABF97E0010116D /* Frameworks */,
				A3D78C292FABF97E0010116D /* Resources */,
				A3D78C4B2FABFA6F0010116D /* Embed Frameworks */,
				A3D78DD02FAC04000010116D /* Embed ExtensionKit Extensions */,
			);
			buildRules = (
			);
			dependencies = (
				A3D78DAC2FAC03140010116D /* PBXTargetDependency */,
				A3D78DDD2FAC04360010116D /* PBXTargetDependency */,
			);
			fileSystemSynchronizedGroups = (
				A3D78C2D2FABF97E0010116D /* PointNMap */,
			);
			name = PointNMap;
			packageProductDependencies = (
				A3D78EF92FAC07840010116D /* DequeModule */,
				A3D78EFB2FAC07840010116D /* OrderedCollections */,
			);
			productName = PointNMap;
			productReference = A3D78C2B2FABF97E0010116D /* PointNMap.app */;
			productType = "com.apple.product-type.application";
		};
		A3D78DA42FAC03140010116D /* PointNMapShaderTypes */ = {
			isa = PBXNativeTarget;
			buildConfigurationList = A3D78DB02FAC03140010116D /* Build configuration list for PBXNativeTarget "PointNMapShaderTypes" */;
			buildPhases = (
				A3D78DA02FAC03140010116D /* Headers */,
				A3D78DA12FAC03140010116D /* Sources */,
				A3D78DA22FAC03140010116D /* Frameworks */,
				A3D78DA32FAC03140010116D /* Resources */,
			);
			buildRules = (
			);
			dependencies = (
			);
			fileSystemSynchronizedGroups = (
				A3D78DA62FAC03140010116D /* PointNMapShaderTypes */,
			);
			name = PointNMapShaderTypes;
			packageProductDependencies = (
			);
			productName = PointNMapShaderTypes;
			productReference = A3D78DA52FAC03140010116D /* PointNMapShaderTypes.framework */;
			productType = "com.apple.product-type.framework";
		};
		A3D78DD52FAC04360010116D /* PointNMapShared */ = {
			isa = PBXNativeTarget;
			buildConfigurationList = A3D78DE02FAC04360010116D /* Build configuration list for PBXNativeTarget "PointNMapShared" */;
			buildPhases = (
				A3D78DD12FAC04360010116D /* Headers */,
				A3D78DD22FAC04360010116D /* Sources */,
				A3D78DD32FAC04360010116D /* Frameworks */,
				A3D78DD42FAC04360010116D /* Resources */,
				A3D78EF52FAC04810010116D /* Embed Frameworks */,
			);
			buildRules = (
			);
			dependencies = (
				A3D78EF42FAC04810010116D /* PBXTargetDependency */,
			);
			fileSystemSynchronizedGroups = (
				A3D78DD72FAC04360010116D /* PointNMapShared */,
			);
			name = PointNMapShared;
			packageProductDependencies = (
				A3D78EF62FAC04970010116D /* DequeModule */,
			);
			productName = PointNMapShared;
			productReference = A3D78DD62FAC04360010116D /* PointNMapShared.framework */;
			productType = "com.apple.product-type.framework";
		};
/* End PBXNativeTarget section */

/* Begin PBXProject section */
		A3D78C232FABF97E0010116D /* Project object */ = {
			isa = PBXProject;
			attributes = {
				BuildIndependentTargetsInParallel = 1;
				LastSwiftUpdateCheck = 2600;
				LastUpgradeCheck = 2600;
				TargetAttributes = {
					A3D78C2A2FABF97E0010116D = {
						CreatedOnToolsVersion = 26.0.1;
					};
					A3D78DA42FAC03140010116D = {
						CreatedOnToolsVersion = 26.0.1;
					};
					A3D78DD52FAC04360010116D = {
						CreatedOnToolsVersion = 26.0.1;
					};
				};
			};
			buildConfigurationList = A3D78C262FABF97E0010116D /* Build configuration list for PBXProject "PointNMap" */;
			developmentRegion = en;
			hasScannedForEncodings = 0;
			knownRegions = (
				en,
				Base,
			);
			mainGroup = A3D78C222FABF97E0010116D;
			minimizedProjectReferenceProxies = 1;
			packageReferences = (
				A3D78D792FABFDE20010116D /* XCRemoteSwiftPackageReference "swift-collections" */,
			);
			preferredProjectObjectVersion = 77;
			productRefGroup = A3D78C2C2FABF97E0010116D /* Products */;
			projectDirPath = "";
			projectRoot = "";
			targets = (
				A3D78C2A2FABF97E0010116D /* PointNMap */,
				A3D78DA42FAC03140010116D /* PointNMapShaderTypes */,
				A3D78DD52FAC04360010116D /* PointNMapShared */,
			);
		};
/* End PBXProject section */

/* Begin PBXResourcesBuildPhase section */
		A3D78C292FABF97E0010116D /* Resources */ = {
			isa = PBXResourcesBuildPhase;
			buildActionMask = 2147483647;
			files = (
			);
			runOnlyForDeploymentPostprocessing = 0;
		};
		A3D78DA32FAC03140010116D /* Resources */ = {
			isa = PBXResourcesBuildPhase;
			buildActionMask = 2147483647;
			files = (
			);
			runOnlyForDeploymentPostprocessing = 0;
		};
		A3D78DD42FAC04360010116D /* Resources */ = {
			isa = PBXResourcesBuildPhase;
			buildActionMask = 2147483647;
			files = (
			);
			runOnlyForDeploymentPostprocessing = 0;
		};
/* End PBXResourcesBuildPhase section */

/* Begin PBXSourcesBuildPhase section */
		A3D78C272FABF97E0010116D /* Sources */ = {
			isa = PBXSourcesBuildPhase;
			buildActionMask = 2147483647;
			files = (
			);
			runOnlyForDeploymentPostprocessing = 0;
		};
		A3D78DA12FAC03140010116D /* Sources */ = {
			isa = PBXSourcesBuildPhase;
			buildActionMask = 2147483647;
			files = (
			);
			runOnlyForDeploymentPostprocessing = 0;
		};
		A3D78DD22FAC04360010116D /* Sources */ = {
			isa = PBXSourcesBuildPhase;
			buildActionMask = 2147483647;
			files = (
			);
			runOnlyForDeploymentPostprocessing = 0;
		};
/* End PBXSourcesBuildPhase section */

/* Begin PBXTargetDependency section */
		A3D78DAC2FAC03140010116D /* PBXTargetDependency */ = {
			isa = PBXTargetDependency;
			target = A3D78DA42FAC03140010116D /* PointNMapShaderTypes */;
			targetProxy = A3D78DAB2FAC03140010116D /* PBXContainerItemProxy */;
		};
		A3D78DDD2FAC04360010116D /* PBXTargetDependency */ = {
			isa = PBXTargetDependency;
			target = A3D78DD52FAC04360010116D /* PointNMapShared */;
			targetProxy = A3D78DDC2FAC04360010116D /* PBXContainerItemProxy */;
		};
		A3D78EF42FAC04810010116D /* PBXTargetDependency */ = {
			isa = PBXTargetDependency;
			target = A3D78DA42FAC03140010116D /* PointNMapShaderTypes */;
			targetProxy = A3D78EF32FAC04810010116D /* PBXContainerItemProxy */;
		};
/* End PBXTargetDependency section */

/* Begin XCBuildConfiguration section */
		A3D78C342FABF97F0010116D /* Debug */ = {
			isa = XCBuildConfiguration;
			buildSettings = {
				ALWAYS_SEARCH_USER_PATHS = NO;
				ASSETCATALOG_COMPILER_GENERATE_SWIFT_ASSET_SYMBOL_EXTENSIONS = YES;
				CLANG_ANALYZER_NONNULL = YES;
				CLANG_ANALYZER_NUMBER_OBJECT_CONVERSION = YES_AGGRESSIVE;
				CLANG_CXX_LANGUAGE_STANDARD = "gnu++20";
				CLANG_ENABLE_MODULES = YES;
				CLANG_ENABLE_OBJC_ARC = YES;
				CLANG_ENABLE_OBJC_WEAK = YES;
				CLANG_WARN_BLOCK_CAPTURE_AUTORELEASING = YES;
				CLANG_WARN_BOOL_CONVERSION = YES;
				CLANG_WARN_COMMA = YES;
				CLANG_WARN_CONSTANT_CONVERSION = YES;
				CLANG_WARN_DEPRECATED_OBJC_IMPLEMENTATIONS = YES;
				CLANG_WARN_DIRECT_OBJC_ISA_USAGE = YES_ERROR;
				CLANG_WARN_DOCUMENTATION_COMMENTS = YES;
				CLANG_WARN_EMPTY_BODY = YES;
				CLANG_WARN_ENUM_CONVERSION = YES;
				CLANG_WARN_INFINITE_RECURSION = YES;
				CLANG_WARN_INT_CONVERSION = YES;
				CLANG_WARN_NON_LITERAL_NULL_CONVERSION = YES;
				CLANG_WARN_OBJC_IMPLICIT_RETAIN_SELF = YES;
				CLANG_WARN_OBJC_LITERAL_CONVERSION = YES;
				CLANG_WARN_OBJC_ROOT_CLASS = YES_ERROR;
				CLANG_WARN_QUOTED_INCLUDE_IN_FRAMEWORK_HEADER = YES;
				CLANG_WARN_RANGE_LOOP_ANALYSIS = YES;
				CLANG_WARN_STRICT_PROTOTYPES = YES;
				CLANG_WARN_SUSPICIOUS_MOVE = YES;
				CLANG_WARN_UNGUARDED_AVAILABILITY = YES_AGGRESSIVE;
				CLANG_WARN_UNREACHABLE_CODE = YES;
				CLANG_WARN__DUPLICATE_METHOD_MATCH = YES;
				COPY_PHASE_STRIP = NO;
				DEBUG_INFORMATION_FORMAT = dwarf;
				DEVELOPMENT_TEAM = UB6LB27Z2X;
				ENABLE_STRICT_OBJC_MSGSEND = YES;
				ENABLE_TESTABILITY = YES;
				ENABLE_USER_SCRIPT_SANDBOXING = YES;
				GCC_C_LANGUAGE_STANDARD = gnu17;
				GCC_DYNAMIC_NO_PIC = NO;
				GCC_NO_COMMON_BLOCKS = YES;
				GCC_OPTIMIZATION_LEVEL = 0;
				GCC_PREPROCESSOR_DEFINITIONS = (
					"DEBUG=1",
					"$(inherited)",
				);
				GCC_WARN_64_TO_32_BIT_CONVERSION = YES;
				GCC_WARN_ABOUT_RETURN_TYPE = YES_ERROR;
				GCC_WARN_UNDECLARED_SELECTOR = YES;
				GCC_WARN_UNINITIALIZED_AUTOS = YES_AGGRESSIVE;
				GCC_WARN_UNUSED_FUNCTION = YES;
				GCC_WARN_UNUSED_VARIABLE = YES;
				IPHONEOS_DEPLOYMENT_TARGET = 26.0;
				LOCALIZATION_PREFERS_STRING_CATALOGS = YES;
				MTL_ENABLE_DEBUG_INFO = INCLUDE_SOURCE;
				MTL_FAST_MATH = YES;
				ONLY_ACTIVE_ARCH = YES;
				SDKROOT = iphoneos;
				SWIFT_ACTIVE_COMPILATION_CONDITIONS = "DEBUG $(inherited)";
				SWIFT_OPTIMIZATION_LEVEL = "-Onone";
			};
			name = Debug;
		};
		A3D78C352FABF97F0010116D /* Release */ = {
			isa = XCBuildConfiguration;
			buildSettings = {
				ALWAYS_SEARCH_USER_PATHS = NO;
				ASSETCATALOG_COMPILER_GENERATE_SWIFT_ASSET_SYMBOL_EXTENSIONS = YES;
				CLANG_ANALYZER_NONNULL = YES;
				CLANG_ANALYZER_NUMBER_OBJECT_CONVERSION = YES_AGGRESSIVE;
				CLANG_CXX_LANGUAGE_STANDARD = "gnu++20";
				CLANG_ENABLE_MODULES = YES;
				CLANG_ENABLE_OBJC_ARC = YES;
				CLANG_ENABLE_OBJC_WEAK = YES;
				CLANG_WARN_BLOCK_CAPTURE_AUTORELEASING = YES;
				CLANG_WARN_BOOL_CONVERSION = YES;
				CLANG_WARN_COMMA = YES;
				CLANG_WARN_CONSTANT_CONVERSION = YES;
				CLANG_WARN_DEPRECATED_OBJC_IMPLEMENTATIONS = YES;
				CLANG_WARN_DIRECT_OBJC_ISA_USAGE = YES_ERROR;
				CLANG_WARN_DOCUMENTATION_COMMENTS = YES;
				CLANG_WARN_EMPTY_BODY = YES;
				CLANG_WARN_ENUM_CONVERSION = YES;
				CLANG_WARN_INFINITE_RECURSION = YES;
				CLANG_WARN_INT_CONVERSION = YES;
				CLANG_WARN_NON_LITERAL_NULL_CONVERSION = YES;
				CLANG_WARN_OBJC_IMPLICIT_RETAIN_SELF = YES;
				CLANG_WARN_OBJC_LITERAL_CONVERSION = YES;
				CLANG_WARN_OBJC_ROOT_CLASS = YES_ERROR;
				CLANG_WARN_QUOTED_INCLUDE_IN_FRAMEWORK_HEADER = YES;
				CLANG_WARN_RANGE_LOOP_ANALYSIS = YES;
				CLANG_WARN_STRICT_PROTOTYPES = YES;
				CLANG_WARN_SUSPICIOUS_MOVE = YES;
				CLANG_WARN_UNGUARDED_AVAILABILITY = YES_AGGRESSIVE;
				CLANG_WARN_UNREACHABLE_CODE = YES;
				CLANG_WARN__DUPLICATE_METHOD_MATCH = YES;
				COPY_PHASE_STRIP = NO;
				DEBUG_INFORMATION_FORMAT = "dwarf-with-dsym";
				DEVELOPMENT_TEAM = UB6LB27Z2X;
				ENABLE_NS_ASSERTIONS = NO;
				ENABLE_STRICT_OBJC_MSGSEND = YES;
				ENABLE_USER_SCRIPT_SANDBOXING = YES;
				GCC_C_LANGUAGE_STANDARD = gnu17;
				GCC_NO_COMMON_BLOCKS = YES;
				GCC_WARN_64_TO_32_BIT_CONVERSION = YES;
				GCC_WARN_ABOUT_RETURN_TYPE = YES_ERROR;
				GCC_WARN_UNDECLARED_SELECTOR = YES;
				GCC_WARN_UNINITIALIZED_AUTOS = YES_AGGRESSIVE;
				GCC_WARN_UNUSED_FUNCTION = YES;
				GCC_WARN_UNUSED_VARIABLE = YES;
				IPHONEOS_DEPLOYMENT_TARGET = 26.0;
				LOCALIZATION_PREFERS_STRING_CATALOGS = YES;
				MTL_ENABLE_DEBUG_INFO = NO;
				MTL_FAST_MATH = YES;
				SDKROOT = iphoneos;
				SWIFT_COMPILATION_MODE = wholemodule;
				VALIDATE_PRODUCT = YES;
			};
			name = Release;
		};
		A3D78C372FABF97F0010116D /* Debug */ = {
			isa = XCBuildConfiguration;
			buildSettings = {
				ASSETCATALOG_COMPILER_APPICON_NAME = AppIcon;
				ASSETCATALOG_COMPILER_GLOBAL_ACCENT_COLOR_NAME = AccentColor;
				CODE_SIGN_STYLE = Automatic;
				CURRENT_PROJECT_VERSION = 1;
				DEVELOPMENT_TEAM = UB6LB27Z2X;
				ENABLE_PREVIEWS = YES;
				GENERATE_INFOPLIST_FILE = YES;
				HEADER_SEARCH_PATHS = (
					"$(SRCROOT)/PointNMapShaderTypes",
					"$(SRCROOT)/PointNMap",
				);
				INFOPLIST_KEY_NSCameraUsageDescription = "Used to segment surroundings";
				INFOPLIST_KEY_NSLocationAlwaysAndWhenInUseUsageDescription = "Used to localize the detected features";
				INFOPLIST_KEY_NSLocationWhenInUseUsageDescription = "Used to localize the detected features";
				INFOPLIST_KEY_NSPhotoLibraryAddUsageDescription = "We want to save the filtered photo.";
				INFOPLIST_KEY_UIApplicationSceneManifest_Generation = YES;
				INFOPLIST_KEY_UIApplicationSupportsIndirectInputEvents = YES;
				INFOPLIST_KEY_UILaunchScreen_Generation = YES;
				INFOPLIST_KEY_UISupportedInterfaceOrientations_iPad = "UIInterfaceOrientationPortrait UIInterfaceOrientationPortraitUpsideDown UIInterfaceOrientationLandscapeLeft UIInterfaceOrientationLandscapeRight";
				INFOPLIST_KEY_UISupportedInterfaceOrientations_iPhone = "UIInterfaceOrientationPortrait UIInterfaceOrientationLandscapeLeft UIInterfaceOrientationLandscapeRight";
				IPHONEOS_DEPLOYMENT_TARGET = 18.6;
				LD_RUNPATH_SEARCH_PATHS = (
					"$(inherited)",
					"@executable_path/Frameworks",
				);
				MARKETING_VERSION = 1.0;
				MTL_HEADER_SEARCH_PATHS = "$(SRCROOT)/PointNMap $(SRCROOT)/PointNMapShaderTypes";
				OTHER_CFLAGS = "-DACCELERATE_NEW_LAPACK";
				PRODUCT_BUNDLE_IDENTIFIER = himanshunaidu.PointNMap;
				PRODUCT_NAME = "$(TARGET_NAME)";
				STRING_CATALOG_GENERATE_SYMBOLS = YES;
				SUPPORTED_PLATFORMS = "iphoneos iphonesimulator";
				SUPPORTS_MACCATALYST = NO;
				SUPPORTS_MAC_DESIGNED_FOR_IPHONE_IPAD = NO;
				SUPPORTS_XR_DESIGNED_FOR_IPHONE_IPAD = NO;
				SWIFT_APPROACHABLE_CONCURRENCY = YES;
				SWIFT_DEFAULT_ACTOR_ISOLATION = MainActor;
				SWIFT_EMIT_LOC_STRINGS = YES;
				SWIFT_OBJC_BRIDGING_HEADER = "PointNMap/PointNMap-Bridging-Header.h";
				SWIFT_UPCOMING_FEATURE_MEMBER_IMPORT_VISIBILITY = YES;
				SWIFT_VERSION = 5.0;
				TARGETED_DEVICE_FAMILY = "1,2";
			};
			name = Debug;
		};
		A3D78C382FABF97F0010116D /* Release */ = {
			isa = XCBuildConfiguration;
			buildSettings = {
				ASSETCATALOG_COMPILER_APPICON_NAME = AppIcon;
				ASSETCATALOG_COMPILER_GLOBAL_ACCENT_COLOR_NAME = AccentColor;
				CODE_SIGN_STYLE = Automatic;
				CURRENT_PROJECT_VERSION = 1;
				DEVELOPMENT_TEAM = UB6LB27Z2X;
				ENABLE_PREVIEWS = YES;
				GENERATE_INFOPLIST_FILE = YES;
				HEADER_SEARCH_PATHS = (
					"$(SRCROOT)/PointNMapShaderTypes",
					"$(SRCROOT)/PointNMap",
				);
				INFOPLIST_KEY_NSCameraUsageDescription = "Used to segment surroundings";
				INFOPLIST_KEY_NSLocationAlwaysAndWhenInUseUsageDescription = "Used to localize the detected features";
				INFOPLIST_KEY_NSLocationWhenInUseUsageDescription = "Used to localize the detected features";
				INFOPLIST_KEY_NSPhotoLibraryAddUsageDescription = "We want to save the filtered photo.";
				INFOPLIST_KEY_UIApplicationSceneManifest_Generation = YES;
				INFOPLIST_KEY_UIApplicationSupportsIndirectInputEvents = YES;
				INFOPLIST_KEY_UILaunchScreen_Generation = YES;
				INFOPLIST_KEY_UISupportedInterfaceOrientations_iPad = "UIInterfaceOrientationPortrait UIInterfaceOrientationPortraitUpsideDown UIInterfaceOrientationLandscapeLeft UIInterfaceOrientationLandscapeRight";
				INFOPLIST_KEY_UISupportedInterfaceOrientations_iPhone = "UIInterfaceOrientationPortrait UIInterfaceOrientationLandscapeLeft UIInterfaceOrientationLandscapeRight";
				IPHONEOS_DEPLOYMENT_TARGET = 18.6;
				LD_RUNPATH_SEARCH_PATHS = (
					"$(inherited)",
					"@executable_path/Frameworks",
				);
				MARKETING_VERSION = 1.0;
				MTL_HEADER_SEARCH_PATHS = "$(SRCROOT)/PointNMap $(SRCROOT)/PointNMapShaderTypes";
				OTHER_CFLAGS = "-DACCELERATE_NEW_LAPACK";
				PRODUCT_BUNDLE_IDENTIFIER = himanshunaidu.PointNMap;
				PRODUCT_NAME = "$(TARGET_NAME)";
				STRING_CATALOG_GENERATE_SYMBOLS = YES;
				SUPPORTED_PLATFORMS = "iphoneos iphonesimulator";
				SUPPORTS_MACCATALYST = NO;
				SUPPORTS_MAC_DESIGNED_FOR_IPHONE_IPAD = NO;
				SUPPORTS_XR_DESIGNED_FOR_IPHONE_IPAD = NO;
				SWIFT_APPROACHABLE_CONCURRENCY = YES;
				SWIFT_DEFAULT_ACTOR_ISOLATION = MainActor;
				SWIFT_EMIT_LOC_STRINGS = YES;
				SWIFT_OBJC_BRIDGING_HEADER = "PointNMap/PointNMap-Bridging-Header.h";
				SWIFT_UPCOMING_FEATURE_MEMBER_IMPORT_VISIBILITY = YES;
				SWIFT_VERSION = 5.0;
				TARGETED_DEVICE_FAMILY = "1,2";
			};
			name = Release;
		};
		A3D78DB12FAC03140010116D /* Debug */ = {
			isa = XCBuildConfiguration;
			buildSettings = {
				CODE_SIGN_STYLE = Automatic;
				CURRENT_PROJECT_VERSION = 1;
				DEFINES_MODULE = YES;
				DEVELOPMENT_TEAM = UB6LB27Z2X;
				DYLIB_COMPATIBILITY_VERSION = 1;
				DYLIB_CURRENT_VERSION = 1;
				DYLIB_INSTALL_NAME_BASE = "@rpath";
				ENABLE_MODULE_VERIFIER = YES;
				GENERATE_INFOPLIST_FILE = YES;
				INFOPLIST_KEY_NSHumanReadableCopyright = "";
				INSTALL_PATH = "$(LOCAL_LIBRARY_DIR)/Frameworks";
				IPHONEOS_DEPLOYMENT_TARGET = 18.6;
				LD_RUNPATH_SEARCH_PATHS = (
					"$(inherited)",
					"@executable_path/Frameworks",
					"@loader_path/Frameworks",
				);
				MARKETING_VERSION = 1.0;
				MODULE_VERIFIER_SUPPORTED_LANGUAGES = "objective-c objective-c++";
				MODULE_VERIFIER_SUPPORTED_LANGUAGE_STANDARDS = "gnu17 gnu++20";
				PRODUCT_BUNDLE_IDENTIFIER = himanshunaidu.PointNMapShaderTypes;
				PRODUCT_NAME = "$(TARGET_NAME:c99extidentifier)";
				SKIP_INSTALL = YES;
				STRING_CATALOG_GENERATE_SYMBOLS = YES;
				SUPPORTED_PLATFORMS = "iphoneos iphonesimulator";
				SUPPORTS_MACCATALYST = NO;
				SUPPORTS_MAC_DESIGNED_FOR_IPHONE_IPAD = NO;
				SUPPORTS_XR_DESIGNED_FOR_IPHONE_IPAD = NO;
				SWIFT_EMIT_LOC_STRINGS = YES;
				TARGETED_DEVICE_FAMILY = "1,2";
				VERSIONING_SYSTEM = "apple-generic";
				VERSION_INFO_PREFIX = "";
			};
			name = Debug;
		};
		A3D78DB22FAC03140010116D /* Release */ = {
			isa = XCBuildConfiguration;
			buildSettings = {
				CODE_SIGN_STYLE = Automatic;
				CURRENT_PROJECT_VERSION = 1;
				DEFINES_MODULE = YES;
				DEVELOPMENT_TEAM = UB6LB27Z2X;
				DYLIB_COMPATIBILITY_VERSION = 1;
				DYLIB_CURRENT_VERSION = 1;
				DYLIB_INSTALL_NAME_BASE = "@rpath";
				ENABLE_MODULE_VERIFIER = YES;
				GENERATE_INFOPLIST_FILE = YES;
				INFOPLIST_KEY_NSHumanReadableCopyright = "";
				INSTALL_PATH = "$(LOCAL_LIBRARY_DIR)/Frameworks";
				IPHONEOS_DEPLOYMENT_TARGET = 18.6;
				LD_RUNPATH_SEARCH_PATHS = (
					"$(inherited)",
					"@executable_path/Frameworks",
					"@loader_path/Frameworks",
				);
				MARKETING_VERSION = 1.0;
				MODULE_VERIFIER_SUPPORTED_LANGUAGES = "objective-c objective-c++";
				MODULE_VERIFIER_SUPPORTED_LANGUAGE_STANDARDS = "gnu17 gnu++20";
				PRODUCT_BUNDLE_IDENTIFIER = himanshunaidu.PointNMapShaderTypes;
				PRODUCT_NAME = "$(TARGET_NAME:c99extidentifier)";
				SKIP_INSTALL = YES;
				STRING_CATALOG_GENERATE_SYMBOLS = YES;
				SUPPORTED_PLATFORMS = "iphoneos iphonesimulator";
				SUPPORTS_MACCATALYST = NO;
				SUPPORTS_MAC_DESIGNED_FOR_IPHONE_IPAD = NO;
				SUPPORTS_XR_DESIGNED_FOR_IPHONE_IPAD = NO;
				SWIFT_EMIT_LOC_STRINGS = YES;
				TARGETED_DEVICE_FAMILY = "1,2";
				VERSIONING_SYSTEM = "apple-generic";
				VERSION_INFO_PREFIX = "";
			};
			name = Release;
		};
		A3D78DE12FAC04360010116D /* Debug */ = {
			isa = XCBuildConfiguration;
			buildSettings = {
				BUILD_LIBRARY_FOR_DISTRIBUTION = YES;
				CODE_SIGN_STYLE = Automatic;
				CURRENT_PROJECT_VERSION = 1;
				DEVELOPMENT_TEAM = UB6LB27Z2X;
				DYLIB_COMPATIBILITY_VERSION = 1;
				DYLIB_CURRENT_VERSION = 1;
				DYLIB_INSTALL_NAME_BASE = "@rpath";
				ENABLE_MODULE_VERIFIER = YES;
				GENERATE_INFOPLIST_FILE = YES;
				HEADER_SEARCH_PATHS = (
					"$(SRCROOT)/PointNMapShared",
					"$(SRCROOT)/PointNMapShaderTypes",
				);
				INFOPLIST_KEY_NSHumanReadableCopyright = "";
				INSTALL_PATH = "$(LOCAL_LIBRARY_DIR)/Frameworks";
				IPHONEOS_DEPLOYMENT_TARGET = 18.6;
				LD_RUNPATH_SEARCH_PATHS = (
					"$(inherited)",
					"@executable_path/Frameworks",
					"@loader_path/Frameworks",
				);
				MARKETING_VERSION = 1.0;
				MODULE_VERIFIER_SUPPORTED_LANGUAGES = "objective-c objective-c++";
				MODULE_VERIFIER_SUPPORTED_LANGUAGE_STANDARDS = "gnu17 gnu++20";
				MTL_HEADER_SEARCH_PATHS = "$(SRCROOT)/PointNMapShared $(SRCROOT)/PointNMapShaderTypes";
				PRODUCT_BUNDLE_IDENTIFIER = himanshunaidu.PointNMap.PointNMapShared;
				PRODUCT_NAME = "$(TARGET_NAME:c99extidentifier)";
				SKIP_INSTALL = YES;
				STRING_CATALOG_GENERATE_SYMBOLS = YES;
				SUPPORTED_PLATFORMS = "iphoneos iphonesimulator";
				SUPPORTS_MACCATALYST = NO;
				SUPPORTS_MAC_DESIGNED_FOR_IPHONE_IPAD = NO;
				SUPPORTS_XR_DESIGNED_FOR_IPHONE_IPAD = NO;
				SWIFT_APPROACHABLE_CONCURRENCY = YES;
				SWIFT_EMIT_LOC_STRINGS = YES;
				SWIFT_INSTALL_MODULE = YES;
				SWIFT_INSTALL_OBJC_HEADER = NO;
				SWIFT_UPCOMING_FEATURE_MEMBER_IMPORT_VISIBILITY = YES;
				SWIFT_VERSION = 5.0;
				TARGETED_DEVICE_FAMILY = "1,2";
				VERSIONING_SYSTEM = "apple-generic";
				VERSION_INFO_PREFIX = "";
			};
			name = Debug;
		};
		A3D78DE22FAC04360010116D /* Release */ = {
			isa = XCBuildConfiguration;
			buildSettings = {
				BUILD_LIBRARY_FOR_DISTRIBUTION = YES;
				CODE_SIGN_STYLE = Automatic;
				CURRENT_PROJECT_VERSION = 1;
				DEVELOPMENT_TEAM = UB6LB27Z2X;
				DYLIB_COMPATIBILITY_VERSION = 1;
				DYLIB_CURRENT_VERSION = 1;
				DYLIB_INSTALL_NAME_BASE = "@rpath";
				ENABLE_MODULE_VERIFIER = YES;
				GENERATE_INFOPLIST_FILE = YES;
				HEADER_SEARCH_PATHS = (
					"$(SRCROOT)/PointNMapShared",
					"$(SRCROOT)/PointNMapShaderTypes",
				);
				INFOPLIST_KEY_NSHumanReadableCopyright = "";
				INSTALL_PATH = "$(LOCAL_LIBRARY_DIR)/Frameworks";
				IPHONEOS_DEPLOYMENT_TARGET = 18.6;
				LD_RUNPATH_SEARCH_PATHS = (
					"$(inherited)",
					"@executable_path/Frameworks",
					"@loader_path/Frameworks",
				);
				MARKETING_VERSION = 1.0;
				MODULE_VERIFIER_SUPPORTED_LANGUAGES = "objective-c objective-c++";
				MODULE_VERIFIER_SUPPORTED_LANGUAGE_STANDARDS = "gnu17 gnu++20";
				MTL_HEADER_SEARCH_PATHS = "$(SRCROOT)/PointNMapShared $(SRCROOT)/PointNMapShaderTypes";
				PRODUCT_BUNDLE_IDENTIFIER = himanshunaidu.PointNMap.PointNMapShared;
				PRODUCT_NAME = "$(TARGET_NAME:c99extidentifier)";
				SKIP_INSTALL = YES;
				STRING_CATALOG_GENERATE_SYMBOLS = YES;
				SUPPORTED_PLATFORMS = "iphoneos iphonesimulator";
				SUPPORTS_MACCATALYST = NO;
				SUPPORTS_MAC_DESIGNED_FOR_IPHONE_IPAD = NO;
				SUPPORTS_XR_DESIGNED_FOR_IPHONE_IPAD = NO;
				SWIFT_APPROACHABLE_CONCURRENCY = YES;
				SWIFT_EMIT_LOC_STRINGS = YES;
				SWIFT_INSTALL_MODULE = YES;
				SWIFT_INSTALL_OBJC_HEADER = NO;
				SWIFT_UPCOMING_FEATURE_MEMBER_IMPORT_VISIBILITY = YES;
				SWIFT_VERSION = 5.0;
				TARGETED_DEVICE_FAMILY = "1,2";
				VERSIONING_SYSTEM = "apple-generic";
				VERSION_INFO_PREFIX = "";
			};
			name = Release;
		};
/* End XCBuildConfiguration section */

/* Begin XCConfigurationList section */
		A3D78C262FABF97E0010116D /* Build configuration list for PBXProject "PointNMap" */ = {
			isa = XCConfigurationList;
			buildConfigurations = (
				A3D78C342FABF97F0010116D /* Debug */,
				A3D78C352FABF97F0010116D /* Release */,
			);
			defaultConfigurationIsVisible = 0;
			defaultConfigurationName = Release;
		};
		A3D78C362FABF97F0010116D /* Build configuration list for PBXNativeTarget "PointNMap" */ = {
			isa = XCConfigurationList;
			buildConfigurations = (
				A3D78C372FABF97F0010116D /* Debug */,
				A3D78C382FABF97F0010116D /* Release */,
			);
			defaultConfigurationIsVisible = 0;
			defaultConfigurationName = Release;
		};
		A3D78DB02FAC03140010116D /* Build configuration list for PBXNativeTarget "PointNMapShaderTypes" */ = {
			isa = XCConfigurationList;
			buildConfigurations = (
				A3D78DB12FAC03140010116D /* Debug */,
				A3D78DB22FAC03140010116D /* Release */,
			);
			defaultConfigurationIsVisible = 0;
			defaultConfigurationName = Release;
		};
		A3D78DE02FAC04360010116D /* Build configuration list for PBXNativeTarget "PointNMapShared" */ = {
			isa = XCConfigurationList;
			buildConfigurations = (
				A3D78DE12FAC04360010116D /* Debug */,
				A3D78DE22FAC04360010116D /* Release */,
			);
			defaultConfigurationIsVisible = 0;
			defaultConfigurationName = Release;
		};
/* End XCConfigurationList section */

/* Begin XCRemoteSwiftPackageReference section */
		A3D78D792FABFDE20010116D /* XCRemoteSwiftPackageReference "swift-collections" */ = {
			isa = XCRemoteSwiftPackageReference;
			repositoryURL = "https://github.com/apple/swift-collections.git";
			requirement = {
				kind = upToNextMajorVersion;
				minimumVersion = 1.4.1;
			};
		};
/* End XCRemoteSwiftPackageReference section */

/* Begin XCSwiftPackageProductDependency section */
		A3D78EF62FAC04970010116D /* DequeModule */ = {
			isa = XCSwiftPackageProductDependency;
			package = A3D78D792FABFDE20010116D /* XCRemoteSwiftPackageReference "swift-collections" */;
			productName = DequeModule;
		};
		A3D78EF92FAC07840010116D /* DequeModule */ = {
			isa = XCSwiftPackageProductDependency;
			package = A3D78D792FABFDE20010116D /* XCRemoteSwiftPackageReference "swift-collections" */;
			productName = DequeModule;
		};
		A3D78EFB2FAC07840010116D /* OrderedCollections */ = {
			isa = XCSwiftPackageProductDependency;
			package = A3D78D792FABFDE20010116D /* XCRemoteSwiftPackageReference "swift-collections" */;
			productName = OrderedCollections;
		};
/* End XCSwiftPackageProductDependency section */
	};
	rootObject = A3D78C232FABF97E0010116D /* Project object */;
}
